
Microsoft Visual Studio Solution File, Format Version 12.00
# Visual Studio Version 17
VisualStudioVersion = 17.2.32630.192
MinimumVisualStudioVersion = 10.0.40219.1
Project("{FAE04EC0-301F-11D3-BF4B-00C04F79EFBC}") = "RPG_Characters", "RPG_Characters\RPG_Characters.csproj", "{D49141B2-019A-4B5B-A8B4-0279CC32D024}"
EndProject
Global
	GlobalSection(SolutionConfigurationPlatforms) = preSolution
		Debug|Any CPU = Debug|Any CPU
		Release|Any CPU = Release|Any CPU
	EndGlobalSection
	GlobalSection(ProjectConfigurationPlatforms) = postSolution
		{D49141B2-019A-4B5B-A8B4-0279CC32D024}.Debug|Any CPU.ActiveCfg = Debug|Any CPU
		{D49141B2-019A-4B5B-A8B4-0279CC32D024}.Debug|Any CPU.Build.0 = Debug|Any CPU
		{D49141B2-019A-4B5B-A8B4-0279CC32D024}.Release|Any CPU.ActiveCfg = Release|Any CPU
		{D49141B2-019A-4B5B-A8B4-0279CC32D024}.Release|Any CPU.Build.0 = Release|Any CPU
	EndGlobalSection
	GlobalSection(SolutionProperties) = preSolution
		HideSolutionNode = FALSE
	EndGlobalSection
	GlobalSection(ExtensibilityGlobals) = postSolution
		SolutionGuid = {CD3105A8-79E7-4C4A-9289-523B29B6FA12}
	EndGlobalSection
EndGlobal
